
Microsoft Visual Studio Solution File, Format Version 12.00
# Visual Studio 15
VisualStudioVersion = 15.0.28307.168
MinimumVisualStudioVersion = 10.0.40219.1
Project("{FAE04EC0-301F-11D3-BF4B-00C04F79EFBC}") = "IdentityServerDemo.AuthServer", "IdentityServerDemo.AuthServer\IdentityServerDemo.AuthServer.csproj", "{24DF2870-3398-4E66-99D6-C54790306004}"
EndProject
Project("{FAE04EC0-301F-11D3-BF4B-00C04F79EFBC}") = "IdentityServerDemo.Client", "IdentityServerDemo.Client\IdentityServerDemo.Client.csproj", "{182E910F-71B8-4BD4-987E-585A8884D668}"
EndProject
Project("{FAE04EC0-301F-11D3-BF4B-00C04F79EFBC}") = "IdentityServerDemo.API", "IdentityServerDemo.API\IdentityServerDemo.API.csproj", "{1B87E22A-9BA0-4E11-BF72-37D256EF7A6F}"
EndProject
Global
	GlobalSection(SolutionConfigurationPlatforms) = preSolution
		Debug|Any CPU = Debug|Any CPU
		Release|Any CPU = Release|Any CPU
	EndGlobalSection
	GlobalSection(ProjectConfigurationPlatforms) = postSolution
		{24DF2870-3398-4E66-99D6-C54790306004}.Debug|Any CPU.ActiveCfg = Debug|Any CPU
		{24DF2870-3398-4E66-99D6-C54790306004}.Debug|Any CPU.Build.0 = Debug|Any CPU
		{24DF2870-3398-4E66-99D6-C54790306004}.Release|Any CPU.ActiveCfg = Release|Any CPU
		{24DF2870-3398-4E66-99D6-C54790306004}.Release|Any CPU.Build.0 = Release|Any CPU
		{182E910F-71B8-4BD4-987E-585A8884D668}.Debug|Any CPU.ActiveCfg = Debug|Any CPU
		{182E910F-71B8-4BD4-987E-585A8884D668}.Debug|Any CPU.Build.0 = Debug|Any CPU
		{182E910F-71B8-4BD4-987E-585A8884D668}.Release|Any CPU.ActiveCfg = Release|Any CPU
		{182E910F-71B8-4BD4-987E-585A8884D668}.Release|Any CPU.Build.0 = Release|Any CPU
		{1B87E22A-9BA0-4E11-BF72-37D256EF7A6F}.Debug|Any CPU.ActiveCfg = Debug|Any CPU
		{1B87E22A-9BA0-4E11-BF72-37D256EF7A6F}.Debug|Any CPU.Build.0 = Debug|Any CPU
		{1B87E22A-9BA0-4E11-BF72-37D256EF7A6F}.Release|Any CPU.ActiveCfg = Release|Any CPU
		{1B87E22A-9BA0-4E11-BF72-37D256EF7A6F}.Release|Any CPU.Build.0 = Release|Any CPU
	EndGlobalSection
	GlobalSection(SolutionProperties) = preSolution
		HideSolutionNode = FALSE
	EndGlobalSection
	GlobalSection(ExtensibilityGlobals) = postSolution
		SolutionGuid = {1511F2D8-6D99-4CE6-A9A6-13DCBC40C3AE}
	EndGlobalSection
EndGlobal
